
Microsoft Visual Studio Solution File, Format Version 12.00
# Visual Studio Version 16
VisualStudioVersion = 16.0.32126.315
MinimumVisualStudioVersion = 10.0.40219.1
Project("{9A19103F-16F7-4668-BE54-9A1E7A4F7556}") = "Store.API", "Store.API\Store.API.csproj", "{F45A000F-A16E-4E68-A76E-8DE1565A7D6A}"
EndProject
Project("{9A19103F-16F7-4668-BE54-9A1E7A4F7556}") = "Store.Models", "Store.Models\Store.Models.csproj", "{11BAE001-122E-41FE-8EF7-1CAC739B00D1}"
EndProject
Project("{9A19103F-16F7-4668-BE54-9A1E7A4F7556}") = "Store.Presistance", "Store.Presistance\Store.Presistance.csproj", "{8B079E29-CD94-4E70-B643-78B071037D42}"
EndProject
Project("{9A19103F-16F7-4668-BE54-9A1E7A4F7556}") = "Store.Core", "Store.Core\Store.Core.csproj", "{F7F3A9AE-4522-42E0-8C77-A94E9C24A4E3}"
EndProject
Project("{9A19103F-16F7-4668-BE54-9A1E7A4F7556}") = "Store.Tests", "Store.Tests\Store.Tests.csproj", "{C832F447-4F31-423A-A763-B818075ACE9A}"
EndProject
Project("{FAE04EC0-301F-11D3-BF4B-00C04F79EFBC}") = "Store.Identity", "Store.Identity\Store.Identity.csproj", "{72F39335-E0BD-45C1-8DC0-7F618CDA2101}"
EndProject
Project("{FAE04EC0-301F-11D3-BF4B-00C04F79EFBC}") = "Store.Common", "Store.Common\Store.Common.csproj", "{C30ABDE2-4016-42EA-A534-EA14E6BD4A19}"
EndProject
Global
	GlobalSection(SolutionConfigurationPlatforms) = preSolution
		Debug|Any CPU = Debug|Any CPU
		Release|Any CPU = Release|Any CPU
	EndGlobalSection
	GlobalSection(ProjectConfigurationPlatforms) = postSolution
		{F45A000F-A16E-4E68-A76E-8DE1565A7D6A}.Debug|Any CPU.ActiveCfg = Debug|Any CPU
		{F45A000F-A16E-4E68-A76E-8DE1565A7D6A}.Debug|Any CPU.Build.0 = Debug|Any CPU
		{F45A000F-A16E-4E68-A76E-8DE1565A7D6A}.Release|Any CPU.ActiveCfg = Release|Any CPU
		{F45A000F-A16E-4E68-A76E-8DE1565A7D6A}.Release|Any CPU.Build.0 = Release|Any CPU
		{11BAE001-122E-41FE-8EF7-1CAC739B00D1}.Debug|Any CPU.ActiveCfg = Debug|Any CPU
		{11BAE001-122E-41FE-8EF7-1CAC739B00D1}.Debug|Any CPU.Build.0 = Debug|Any CPU
		{11BAE001-122E-41FE-8EF7-1CAC739B00D1}.Release|Any CPU.ActiveCfg = Release|Any CPU
		{11BAE001-122E-41FE-8EF7-1CAC739B00D1}.Release|Any CPU.Build.0 = Release|Any CPU
		{8B079E29-CD94-4E70-B643-78B071037D42}.Debug|Any CPU.ActiveCfg = Debug|Any CPU
		{8B079E29-CD94-4E70-B643-78B071037D42}.Debug|Any CPU.Build.0 = Debug|Any CPU
		{8B079E29-CD94-4E70-B643-78B071037D42}.Release|Any CPU.ActiveCfg = Release|Any CPU
		{8B079E29-CD94-4E70-B643-78B071037D42}.Release|Any CPU.Build.0 = Release|Any CPU
		{F7F3A9AE-4522-42E0-8C77-A94E9C24A4E3}.Debug|Any CPU.ActiveCfg = Debug|Any CPU
		{F7F3A9AE-4522-42E0-8C77-A94E9C24A4E3}.Debug|Any CPU.Build.0 = Debug|Any CPU
		{F7F3A9AE-4522-42E0-8C77-A94E9C24A4E3}.Release|Any CPU.ActiveCfg = Release|Any CPU
		{F7F3A9AE-4522-42E0-8C77-A94E9C24A4E3}.Release|Any CPU.Build.0 = Release|Any CPU
		{C832F447-4F31-423A-A763-B818075ACE9A}.Debug|Any CPU.ActiveCfg = Debug|Any CPU
		{C832F447-4F31-423A-A763-B818075ACE9A}.Debug|Any CPU.Build.0 = Debug|Any CPU
		{C832F447-4F31-423A-A763-B818075ACE9A}.Release|Any CPU.ActiveCfg = Release|Any CPU
		{C832F447-4F31-423A-A763-B818075ACE9A}.Release|Any CPU.Build.0 = Release|Any CPU
		{72F39335-E0BD-45C1-8DC0-7F618CDA2101}.Debug|Any CPU.ActiveCfg = Debug|Any CPU
		{72F39335-E0BD-45C1-8DC0-7F618CDA2101}.Debug|Any CPU.Build.0 = Debug|Any CPU
		{72F39335-E0BD-45C1-8DC0-7F618CDA2101}.Release|Any CPU.ActiveCfg = Release|Any CPU
		{72F39335-E0BD-45C1-8DC0-7F618CDA2101}.Release|Any CPU.Build.0 = Release|Any CPU
		{C30ABDE2-4016-42EA-A534-EA14E6BD4A19}.Debug|Any CPU.ActiveCfg = Debug|Any CPU
		{C30ABDE2-4016-42EA-A534-EA14E6BD4A19}.Debug|Any CPU.Build.0 = Debug|Any CPU
		{C30ABDE2-4016-42EA-A534-EA14E6BD4A19}.Release|Any CPU.ActiveCfg = Release|Any CPU
		{C30ABDE2-4016-42EA-A534-EA14E6BD4A19}.Release|Any CPU.Build.0 = Release|Any CPU
	EndGlobalSection
	GlobalSection(SolutionProperties) = preSolution
		HideSolutionNode = FALSE
	EndGlobalSection
	GlobalSection(ExtensibilityGlobals) = postSolution
		SolutionGuid = {82110554-9149-4000-923E-470466FAAB58}
	EndGlobalSection
EndGlobal
